// !$*UTF8*$!
{
	archiveVersion = 1;
	classes = {
	};
	objectVersion = 48;
	objects = {

/* Begin PBXBuildFile section */
		06C3432E1F792DB300E74774 /* main.cpp in Sources */ = {isa = PBXBuildFile; fileRef = 06C3432D1F792DB300E74774 /* main.cpp */; };
		06C343361F792DBB00E74774 /* OpenGL.framework in Frameworks */ = {isa = PBXBuildFile; fileRef = 06C343351F792DBB00E74774 /* OpenGL.framework */; };
		06C343381F792DC100E74774 /* GLUT.framework in Frameworks */ = {isa = PBXBuildFile; fileRef = 06C343371F792DC100E74774 /* GLUT.framework */; };
/* End PBXBuildFile section */

/* Begin PBXCopyFilesBuildPhase section */
		06C343281F792DB300E74774 /* CopyFiles */ = {
			isa = PBXCopyFilesBuildPhase;
			buildActionMask = 2147483647;
			dstPath = /usr/share/man/man1/;
			dstSubfolderSpec = 0;
			files = (
			);
			runOnlyForDeploymentPostprocessing = 1;
		};
/* End PBXCopyFilesBuildPhase section */

/* Begin PBXFileReference section */
		06C3432A1F792DB300E74774 /* CandyCrush */ = {isa = PBXFileReference; explicitFileType = "compiled.mach-o.executable"; includeInIndex = 0; path = CandyCrush; sourceTree = BUILT_PRODUCTS_DIR; };
		06C3432D1F792DB300E74774 /* main.cpp */ = {isa = PBXFileReference; lastKnownFileType = sourcecode.cpp.cpp; path = main.cpp; sourceTree = "<group>"; };
		06C343351F792DBB00E74774 /* OpenGL.framework */ = {isa = PBXFileReference; lastKnownFileType = wrapper.framework; name = OpenGL.framework; path = System/Library/Frameworks/OpenGL.framework; sourceTree = SDKROOT; };
		06C343371F792DC100E74774 /* GLUT.framework */ = {isa = PBXFileReference; lastKnownFileType = wrapper.framework; name = GLUT.framework; path = System/Library/Frameworks/GLUT.framework; sourceTree = SDKROOT; };
		06C343391F792DF500E74774 /* paper.pgm */ = {isa = PBXFileReference; fileEncoding = 4; lastKnownFileType = text; name = paper.pgm; path = ../Maze/paper.pgm; sourceTree = "<group>"; };
		06C3433A1F792DF500E74774 /* scissors.pgm */ = {isa = PBXFileReference; fileEncoding = 4; lastKnownFileType = text; name = scissors.pgm; path = ../Maze/scissors.pgm; sourceTree = "<group>"; };
		06C3433B1F792DF500E74774 /* bomb.pgm */ = {isa = PBXFileReference; fileEncoding = 4; lastKnownFileType = text; name = bomb.pgm; path = ../Maze/bomb.pgm; sourceTree = "<group>"; };
		06C3433C1F792DF500E74774 /* rock.pgm */ = {isa = PBXFileReference; fileEncoding = 4; lastKnownFileType = text; name = rock.pgm; path = ../Maze/rock.pgm; sourceTree = "<group>"; };
/* End PBXFileReference section */

/* Begin PBXFrameworksBuildPhase section */
		06C343271F792DB300E74774 /* Frameworks */ = {
			isa = PBXFrameworksBuildPhase;
			buildActionMask = 2147483647;
			files = (
				06C343381F792DC100E74774 /* GLUT.framework in Frameworks */,
				06C343361F792DBB00E74774 /* OpenGL.framework in Frameworks */,
			);
			runOnlyForDeploymentPostprocessing = 0;
		};
/* End PBXFrameworksBuildPhase section */

/* Begin PBXGroup section */
		06C343211F792DB300E74774 = {
			isa = PBXGroup;
			children = (
				06C3433B1F792DF500E74774 /* bomb.pgm */,
				06C343391F792DF500E74774 /* paper.pgm */,
				06C3433C1F792DF500E74774 /* rock.pgm */,
				06C3433A1F792DF500E74774 /* scissors.pgm */,
				06C3432C1F792DB300E74774 /* CandyCrush */,
				06C3432B1F792DB300E74774 /* Products */,
				06C343341F792DBB00E74774 /* Frameworks */,
			);
			sourceTree = "<group>";
		};
		06C3432B1F792DB300E74774 /* Products */ = {
			isa = PBXGroup;
			children = (
				06C3432A1F792DB300E74774 /* CandyCrush */,
			);
			name = Products;
			sourceTree = "<group>";
		};
		06C3432C1F792DB300E74774 /* CandyCrush */ = {
			isa = PBXGroup;
			children = (
				06C3432D1F792DB300E74774 /* main.cpp */,
			);
			path = CandyCrush;
			sourceTree = "<group>";
		};
		06C343341F792DBB00E74774 /* Frameworks */ = {
			isa = PBXGroup;
			children = (
				06C343371F792DC100E74774 /* GLUT.framework */,
				06C343351F792DBB00E74774 /* OpenGL.framework */,
			);
			name = Frameworks;
			sourceTree = "<group>";
		};
/* End PBXGroup section */

/* Begin PBXNativeTarget section */
		06C343291F792DB300E74774 /* CandyCrush */ = {
			isa = PBXNativeTarget;
			buildConfigurationList = 06C343311F792DB300E74774 /* Build configuration list for PBXNativeTarget "CandyCrush" */;
			buildPhases = (
				06C343261F792DB300E74774 /* Sources */,
				06C343271F792DB300E74774 /* Frameworks */,
				06C343281F792DB300E74774 /* CopyFiles */,
			);
			buildRules = (
			);
			dependencies = (
			);
			name = CandyCrush;
			productName = CandyCrush;
			productReference = 06C3432A1F792DB300E74774 /* CandyCrush */;
			productType = "com.apple.product-type.tool";
		};
/* End PBXNativeTarget section */

/* Begin PBXProject section */
		06C343221F792DB300E74774 /* Project object */ = {
			isa = PBXProject;
			attributes = {
				LastUpgradeCheck = 0900;
				ORGANIZATIONNAME = "Dinos Lampropoulos";
				TargetAttributes = {
					06C343291F792DB300E74774 = {
						CreatedOnToolsVersion = 9.0;
						ProvisioningStyle = Automatic;
					};
				};
			};
			buildConfigurationList = 06C343251F792DB300E74774 /* Build configuration list for PBXProject "CandyCrush" */;
			compatibilityVersion = "Xcode 8.0";
			developmentRegion = en;
			hasScannedForEncodings = 0;
			knownRegions = (
				en,
			);
			mainGroup = 06C343211F792DB300E74774;
			productRefGroup = 06C3432B1F792DB300E74774 /* Products */;
			projectDirPath = "";
			projectRoot = "";
			targets = (
				06C343291F792DB300E74774 /* CandyCrush */,
			);
		};
/* End PBXProject section */

/* Begin PBXSourcesBuildPhase section */
		06C343261F792DB300E74774 /* Sources */ = {
			isa = PBXSourcesBuildPhase;
			buildActionMask = 2147483647;
			files = (
				06C3432E1F792DB300E74774 /* main.cpp in Sources */,
			);
			runOnlyForDeploymentPostprocessing = 0;
		};
/* End PBXSourcesBuildPhase section */

/* Begin XCBuildConfiguration section */
		06C3432F1F792DB300E74774 /* Debug */ = {
			isa = XCBuildConfiguration;
			buildSettings = {
				ALWAYS_SEARCH_USER_PATHS = NO;
				CLANG_ANALYZER_NONNULL = YES;
				CLANG_ANALYZER_NUMBER_OBJECT_CONVERSION = YES_AGGRESSIVE;
				CLANG_CXX_LANGUAGE_STANDARD = "gnu++14";
				CLANG_CXX_LIBRARY = "libc++";
				CLANG_ENABLE_MODULES = YES;
				CLANG_ENABLE_OBJC_ARC = YES;
				CLANG_WARN_BLOCK_CAPTURE_AUTORELEASING = YES;
				CLANG_WARN_BOOL_CONVERSION = YES;
				CLANG_WARN_COMMA = YES;
				CLANG_WARN_CONSTANT_CONVERSION = YES;
				CLANG_WARN_DIRECT_OBJC_ISA_USAGE = YES_ERROR;
				CLANG_WARN_DOCUMENTATION_COMMENTS = YES;
				CLANG_WARN_EMPTY_BODY = YES;
				CLANG_WARN_ENUM_CONVERSION = YES;
				CLANG_WARN_INFINITE_RECURSION = YES;
				CLANG_WARN_INT_CONVERSION = YES;
				CLANG_WARN_NON_LITERAL_NULL_CONVERSION = YES;
				CLANG_WARN_OBJC_LITERAL_CONVERSION = YES;
				CLANG_WARN_OBJC_ROOT_CLASS = YES_ERROR;
				CLANG_WARN_RANGE_LOOP_ANALYSIS = YES;
				CLANG_WARN_STRICT_PROTOTYPES = YES;
				CLANG_WARN_SUSPICIOUS_MOVE = YES;
				CLANG_WARN_UNGUARDED_AVAILABILITY = YES_AGGRESSIVE;
				CLANG_WARN_UNREACHABLE_CODE = YES;
				CLANG_WARN__DUPLICATE_METHOD_MATCH = YES;
				CODE_SIGN_IDENTITY = "-";
				COPY_PHASE_STRIP = NO;
				DEBUG_INFORMATION_FORMAT = dwarf;
				ENABLE_STRICT_OBJC_MSGSEND = YES;
				ENABLE_TESTABILITY = YES;
				GCC_C_LANGUAGE_STANDARD = gnu11;
				GCC_DYNAMIC_NO_PIC = NO;
				GCC_NO_COMMON_BLOCKS = YES;
				GCC_OPTIMIZATION_LEVEL = 0;
				GCC_PREPROCESSOR_DEFINITIONS = (
					"DEBUG=1",
					"$(inherited)",
				);
				GCC_WARN_64_TO_32_BIT_CONVERSION = YES;
				GCC_WARN_ABOUT_RETURN_TYPE = YES_ERROR;
				GCC_WARN_UNDECLARED_SELECTOR = YES;
				GCC_WARN_UNINITIALIZED_AUTOS = YES_AGGRESSIVE;
				GCC_WARN_UNUSED_FUNCTION = YES;
				GCC_WARN_UNUSED_VARIABLE = YES;
				MACOSX_DEPLOYMENT_TARGET = 10.12;
				MTL_ENABLE_DEBUG_INFO = YES;
				ONLY_ACTIVE_ARCH = YES;
				SDKROOT = macosx;
			};
			name = Debug;
		};
		06C343301F792DB300E74774 /* Release */ = {
			isa = XCBuildConfiguration;
			buildSettings = {
				ALWAYS_SEARCH_USER_PATHS = NO;
				CLANG_ANALYZER_NONNULL = YES;
				CLANG_ANALYZER_NUMBER_OBJECT_CONVERSION = YES_AGGRESSIVE;
				CLANG_CXX_LANGUAGE_STANDARD = "gnu++14";
				CLANG_CXX_LIBRARY = "libc++";
				CLANG_ENABLE_MODULES = YES;
				CLANG_ENABLE_OBJC_ARC = YES;
				CLANG_WARN_BLOCK_CAPTURE_AUTORELEASING = YES;
				CLANG_WARN_BOOL_CONVERSION = YES;
				CLANG_WARN_COMMA = YES;
				CLANG_WARN_CONSTANT_CONVERSION = YES;
				CLANG_WARN_DIRECT_OBJC_ISA_USAGE = YES_ERROR;
				CLANG_WARN_DOCUMENTATION_COMMENTS = YES;
				CLANG_WARN_EMPTY_BODY = YES;
				CLANG_WARN_ENUM_CONVERSION = YES;
				CLANG_WARN_INFINITE_RECURSION = YES;
				CLANG_WARN_INT_CONVERSION = YES;
				CLANG_WARN_NON_LITERAL_NULL_CONVERSION = YES;
				CLANG_WARN_OBJC_LITERAL_CONVERSION = YES;
				CLANG_WARN_OBJC_ROOT_CLASS = YES_ERROR;
				CLANG_WARN_RANGE_LOOP_ANALYSIS = YES;
				CLANG_WARN_STRICT_PROTOTYPES = YES;
				CLANG_WARN_SUSPICIOUS_MOVE = YES;
				CLANG_WARN_UNGUARDED_AVAILABILITY = YES_AGGRESSIVE;
				CLANG_WARN_UNREACHABLE_CODE = YES;
				CLANG_WARN__DUPLICATE_METHOD_MATCH = YES;
				CODE_SIGN_IDENTITY = "-";
				COPY_PHASE_STRIP = NO;
				DEBUG_INFORMATION_FORMAT = "dwarf-with-dsym";
				ENABLE_NS_ASSERTIONS = NO;
				ENABLE_STRICT_OBJC_MSGSEND = YES;
				GCC_C_LANGUAGE_STANDARD = gnu11;
				GCC_NO_COMMON_BLOCKS = YES;
				GCC_WARN_64_TO_32_BIT_CONVERSION = YES;
				GCC_WARN_ABOUT_RETURN_TYPE = YES_ERROR;
				GCC_WARN_UNDECLARED_SELECTOR = YES;
				GCC_WARN_UNINITIALIZED_AUTOS = YES_AGGRESSIVE;
				GCC_WARN_UNUSED_FUNCTION = YES;
				GCC_WARN_UNUSED_VARIABLE = YES;
				MACOSX_DEPLOYMENT_TARGET = 10.12;
				MTL_ENABLE_DEBUG_INFO = NO;
				SDKROOT = macosx;
			};
			name = Release;
		};
		06C343321F792DB300E74774 /* Debug */ = {
			isa = XCBuildConfiguration;
			buildSettings = {
				CODE_SIGN_STYLE = Automatic;
				PRODUCT_NAME = "$(TARGET_NAME)";
			};
			name = Debug;
		};
		06C343331F792DB300E74774 /* Release */ = {
			isa = XCBuildConfiguration;
			buildSettings = {
				CODE_SIGN_STYLE = Automatic;
				PRODUCT_NAME = "$(TARGET_NAME)";
			};
			name = Release;
		};
/* End XCBuildConfiguration section */

/* Begin XCConfigurationList section */
		06C343251F792DB300E74774 /* Build configuration list for PBXProject "CandyCrush" */ = {
			isa = XCConfigurationList;
			buildConfigurations = (
				06C3432F1F792DB300E74774 /* Debug */,
				06C343301F792DB300E74774 /* Release */,
			);
			defaultConfigurationIsVisible = 0;
			defaultConfigurationName = Release;
		};
		06C343311F792DB300E74774 /* Build configuration list for PBXNativeTarget "CandyCrush" */ = {
			isa = XCConfigurationList;
			buildConfigurations = (
				06C343321F792DB300E74774 /* Debug */,
				06C343331F792DB300E74774 /* Release */,
			);
			defaultConfigurationIsVisible = 0;
			defaultConfigurationName = Release;
		};
/* End XCConfigurationList section */
	};
	rootObject = 06C343221F792DB300E74774 /* Project object */;
}
